
Microsoft Visual Studio Solution File, Format Version 12.00
# Visual Studio Version 16
VisualStudioVersion = 16.0.32602.291
MinimumVisualStudioVersion = 10.0.40219.1
Project("{FAE04EC0-301F-11D3-BF4B-00C04F79EFBC}") = "ConsoleApp1", "ConsoleApp1\ConsoleApp1.csproj", "{982825C6-616A-47D7-9742-0C11E6D7CC58}"
EndProject
Global
	GlobalSection(SolutionConfigurationPlatforms) = preSolution
		Debug|Any CPU = Debug|Any CPU
		Release|Any CPU = Release|Any CPU
	EndGlobalSection
	GlobalSection(ProjectConfigurationPlatforms) = postSolution
		{982825C6-616A-47D7-9742-0C11E6D7CC58}.Debug|Any CPU.ActiveCfg = Debug|Any CPU
		{982825C6-616A-47D7-9742-0C11E6D7CC58}.Debug|Any CPU.Build.0 = Debug|Any CPU
		{982825C6-616A-47D7-9742-0C11E6D7CC58}.Release|Any CPU.ActiveCfg = Release|Any CPU
		{982825C6-616A-47D7-9742-0C11E6D7CC58}.Release|Any CPU.Build.0 = Release|Any CPU
	EndGlobalSection
	GlobalSection(SolutionProperties) = preSolution
		HideSolutionNode = FALSE
	EndGlobalSection
	GlobalSection(ExtensibilityGlobals) = postSolution
		SolutionGuid = {F6B2801B-7A93-4EC8-886C-B0FD581D01C4}
	EndGlobalSection
EndGlobal
